PODS:
  - erika_flutter (0.1.4):
    - FlutterMacOS
  - FlutterMacOS (1.0.0)

DEPENDENCIES:
  - erika_flutter (from `Flutter/ephemeral/.symlinks/plugins/erika_flutter/macos`)
  - FlutterMacOS (from `Flutter/ephemeral`)

EXTERNAL SOURCES:
  erika_flutter:
    :path: Flutter/ephemeral/.symlinks/plugins/erika_flutter/macos
  FlutterMacOS:
    :path: Flutter/ephemeral

SPEC CHECKSUMS:
  erika_flutter: 6aeed83af30194a78de6321f8dc7c8ebc75adea0
  FlutterMacOS: d0db08ddef1a9af05a5ec4b724367152bb0500b1

PODFILE CHECKSUM: 6055c7ea8057d8966575408a022dd98a9f946373

COCOAPODS: 1.16.2
