PODS:
  - auto_orientation_v2 (2.3.7):
    - Flutter
  - Flutter (1.0.0)

DEPENDENCIES:
  - auto_orientation_v2 (from `.symlinks/plugins/auto_orientation_v2/ios`)
  - Flutter (from `Flutter`)

EXTERNAL SOURCES:
  auto_orientation_v2:
    :path: ".symlinks/plugins/auto_orientation_v2/ios"
  Flutter:
    :path: Flutter

SPEC CHECKSUMS:
  auto_orientation_v2: 2d9f355fcc48c37d6fa3d37efa96c3ba15719cc0
  Flutter: cabc95a1d2626b1b06e7179b784ebcf0c0cde467

PODFILE CHECKSUM: 3c63482e143d1b91d2d2560aee9fb04ecc74ac7e

COCOAPODS: 1.16.2
